// !$*UTF8*$!
{
	archiveVersion = 1;
	classes = {
	};
	objectVersion = 46;
	objects = {

/* Begin PBXBuildFile section */
		6111949C1C5D740000C3D24D /* README.md in Sources */ = {isa = PBXBuildFile; fileRef = 6111949B1C5D740000C3D24D /* README.md */; };
		61459C951C468B9A0066A979 /* main.cpp in Sources */ = {isa = PBXBuildFile; fileRef = 61459C941C468B9A0066A979 /* main.cpp */; };
		61459C9E1C468DA30066A979 /* Stallings_Standard.cpp in Sources */ = {isa = PBXBuildFile; fileRef = 61459C9C1C468DA30066A979 /* Stallings_Standard.cpp */; };
		61459CA31C46A1BF0066A979 /* Letter_Frequency.cpp in Sources */ = {isa = PBXBuildFile; fileRef = 61459CA11C46A1BF0066A979 /* Letter_Frequency.cpp */; };
		61459CA61C46A6C70066A979 /* Caesar.cpp in Sources */ = {isa = PBXBuildFile; fileRef = 61459CA41C46A6C70066A979 /* Caesar.cpp */; };
		61459CAD1C46B3DC0066A979 /* Vigenere.cpp in Sources */ = {isa = PBXBuildFile; fileRef = 61459CAB1C46B3DC0066A979 /* Vigenere.cpp */; };
		61459CB21C46C8E00066A979 /* Hill.cpp in Sources */ = {isa = PBXBuildFile; fileRef = 61459CB01C46C8E00066A979 /* Hill.cpp */; };
		6158D2711C4823C100819DDC /* Playfair.cpp in Sources */ = {isa = PBXBuildFile; fileRef = 6158D26F1C4823C100819DDC /* Playfair.cpp */; };
/* End PBXBuildFile section */

/* Begin PBXCopyFilesBuildPhase section */
		61459C8F1C468B9A0066A979 /* CopyFiles */ = {
			isa = PBXCopyFilesBuildPhase;
			buildActionMask = 2147483647;
			dstPath = /usr/share/man/man1/;
			dstSubfolderSpec = 0;
			files = (
			);
			runOnlyForDeploymentPostprocessing = 1;
		};
/* End PBXCopyFilesBuildPhase section */

/* Begin PBXFileReference section */
		6111949B1C5D740000C3D24D /* README.md */ = {isa = PBXFileReference; fileEncoding = 4; lastKnownFileType = net.daringfireball.markdown; path = README.md; sourceTree = "<group>"; };
		611DAE841C52681C00AAF0FA /* Simmons Graph.pdf */ = {isa = PBXFileReference; lastKnownFileType = image.pdf; path = "Simmons Graph.pdf"; sourceTree = "<group>"; };
		61459C911C468B9A0066A979 /* Classical Ciphers */ = {isa = PBXFileReference; explicitFileType = "compiled.mach-o.executable"; includeInIndex = 0; path = "Classical Ciphers"; sourceTree = BUILT_PRODUCTS_DIR; };
		61459C941C468B9A0066A979 /* main.cpp */ = {isa = PBXFileReference; lastKnownFileType = sourcecode.cpp.cpp; path = main.cpp; sourceTree = "<group>"; };
		61459C9C1C468DA30066A979 /* Stallings_Standard.cpp */ = {isa = PBXFileReference; fileEncoding = 4; lastKnownFileType = sourcecode.cpp.cpp; path = Stallings_Standard.cpp; sourceTree = "<group>"; };
		61459C9D1C468DA30066A979 /* Stallings_Standard.hpp */ = {isa = PBXFileReference; fileEncoding = 4; lastKnownFileType = sourcecode.cpp.h; path = Stallings_Standard.hpp; sourceTree = "<group>"; };
		61459C9F1C4691210066A979 /* pg19645.txt */ = {isa = PBXFileReference; fileEncoding = 4; lastKnownFileType = text; path = pg19645.txt; sourceTree = "<group>"; };
		61459CA01C4695AB0066A979 /* plaintext.txt */ = {isa = PBXFileReference; fileEncoding = 4; lastKnownFileType = text; path = plaintext.txt; sourceTree = "<group>"; };
		61459CA11C46A1BF0066A979 /* Letter_Frequency.cpp */ = {isa = PBXFileReference; fileEncoding = 4; lastKnownFileType = sourcecode.cpp.cpp; path = Letter_Frequency.cpp; sourceTree = "<group>"; };
		61459CA21C46A1BF0066A979 /* Letter_Frequency.hpp */ = {isa = PBXFileReference; fileEncoding = 4; lastKnownFileType = sourcecode.cpp.h; path = Letter_Frequency.hpp; sourceTree = "<group>"; };
		61459CA41C46A6C70066A979 /* Caesar.cpp */ = {isa = PBXFileReference; fileEncoding = 4; lastKnownFileType = sourcecode.cpp.cpp; path = Caesar.cpp; sourceTree = "<group>"; };
		61459CA51C46A6C70066A979 /* Caesar.hpp */ = {isa = PBXFileReference; fileEncoding = 4; lastKnownFileType = sourcecode.cpp.h; path = Caesar.hpp; sourceTree = "<group>"; };
		61459CA71C46AC440066A979 /* caesar ciphertext.txt */ = {isa = PBXFileReference; fileEncoding = 4; lastKnownFileType = text; path = "caesar ciphertext.txt"; sourceTree = "<group>"; };
		61459CA81C46AF140066A979 /* decrypted plaintext.txt */ = {isa = PBXFileReference; fileEncoding = 4; lastKnownFileType = text; path = "decrypted plaintext.txt"; sourceTree = "<group>"; };
		61459CA91C46AFC10066A979 /* caesar frequency.txt */ = {isa = PBXFileReference; fileEncoding = 4; lastKnownFileType = text; path = "caesar frequency.txt"; sourceTree = "<group>"; };
		61459CAA1C46B0AF0066A979 /* plaintext frequency.txt */ = {isa = PBXFileReference; fileEncoding = 4; lastKnownFileType = text; path = "plaintext frequency.txt"; sourceTree = "<group>"; };
		61459CAB1C46B3DC0066A979 /* Vigenere.cpp */ = {isa = PBXFileReference; fileEncoding = 4; lastKnownFileType = sourcecode.cpp.cpp; path = Vigenere.cpp; sourceTree = "<group>"; };
		61459CAC1C46B3DC0066A979 /* Vigenere.hpp */ = {isa = PBXFileReference; fileEncoding = 4; lastKnownFileType = sourcecode.cpp.h; path = Vigenere.hpp; sourceTree = "<group>"; };
		61459CAE1C46B8190066A979 /* vigenere ciphertext.txt */ = {isa = PBXFileReference; fileEncoding = 4; lastKnownFileType = text; path = "vigenere ciphertext.txt"; sourceTree = "<group>"; };
		61459CAF1C46BCE60066A979 /* vigenere frequency.txt */ = {isa = PBXFileReference; fileEncoding = 4; lastKnownFileType = text; path = "vigenere frequency.txt"; sourceTree = "<group>"; };
		61459CB01C46C8E00066A979 /* Hill.cpp */ = {isa = PBXFileReference; fileEncoding = 4; lastKnownFileType = sourcecode.cpp.cpp; path = Hill.cpp; sourceTree = "<group>"; };
		61459CB11C46C8E00066A979 /* Hill.hpp */ = {isa = PBXFileReference; fileEncoding = 4; lastKnownFileType = sourcecode.cpp.h; path = Hill.hpp; sourceTree = "<group>"; };
		6158D26C1C47868E00819DDC /* hill ciphertext.txt */ = {isa = PBXFileReference; fileEncoding = 4; lastKnownFileType = text; path = "hill ciphertext.txt"; sourceTree = "<group>"; };
		6158D26D1C4789DC00819DDC /* hill frequency.txt */ = {isa = PBXFileReference; fileEncoding = 4; lastKnownFileType = text; path = "hill frequency.txt"; sourceTree = "<group>"; };
		6158D26E1C47E53B00819DDC /* input.txt */ = {isa = PBXFileReference; fileEncoding = 4; lastKnownFileType = text; path = input.txt; sourceTree = "<group>"; };
		6158D26F1C4823C100819DDC /* Playfair.cpp */ = {isa = PBXFileReference; fileEncoding = 4; lastKnownFileType = sourcecode.cpp.cpp; path = Playfair.cpp; sourceTree = "<group>"; };
		6158D2701C4823C100819DDC /* Playfair.hpp */ = {isa = PBXFileReference; fileEncoding = 4; lastKnownFileType = sourcecode.cpp.h; path = Playfair.hpp; sourceTree = "<group>"; };
		6158D2721C482F5D00819DDC /* playfair ciphertext.txt */ = {isa = PBXFileReference; fileEncoding = 4; lastKnownFileType = text; path = "playfair ciphertext.txt"; sourceTree = "<group>"; };
		6158D2731C48350300819DDC /* playfair frequency.txt */ = {isa = PBXFileReference; fileEncoding = 4; lastKnownFileType = text; path = "playfair frequency.txt"; sourceTree = "<group>"; };
/* End PBXFileReference section */

/* Begin PBXFrameworksBuildPhase section */
		61459C8E1C468B9A0066A979 /* Frameworks */ = {
			isa = PBXFrameworksBuildPhase;
			buildActionMask = 2147483647;
			files = (
			);
			runOnlyForDeploymentPostprocessing = 0;
		};
/* End PBXFrameworksBuildPhase section */

/* Begin PBXGroup section */
		61459C881C468B9A0066A979 = {
			isa = PBXGroup;
			children = (
				6111949B1C5D740000C3D24D /* README.md */,
				611DAE841C52681C00AAF0FA /* Simmons Graph.pdf */,
				61459C931C468B9A0066A979 /* Classical Ciphers */,
				61459C921C468B9A0066A979 /* Products */,
			);
			sourceTree = "<group>";
		};
		61459C921C468B9A0066A979 /* Products */ = {
			isa = PBXGroup;
			children = (
				61459C911C468B9A0066A979 /* Classical Ciphers */,
			);
			name = Products;
			sourceTree = "<group>";
		};
		61459C931C468B9A0066A979 /* Classical Ciphers */ = {
			isa = PBXGroup;
			children = (
				6158D2731C48350300819DDC /* playfair frequency.txt */,
				6158D26D1C4789DC00819DDC /* hill frequency.txt */,
				61459CAF1C46BCE60066A979 /* vigenere frequency.txt */,
				61459CA91C46AFC10066A979 /* caesar frequency.txt */,
				61459CAA1C46B0AF0066A979 /* plaintext frequency.txt */,
				6158D2721C482F5D00819DDC /* playfair ciphertext.txt */,
				6158D26C1C47868E00819DDC /* hill ciphertext.txt */,
				61459CAE1C46B8190066A979 /* vigenere ciphertext.txt */,
				61459CA71C46AC440066A979 /* caesar ciphertext.txt */,
				61459CA81C46AF140066A979 /* decrypted plaintext.txt */,
				61459CA01C4695AB0066A979 /* plaintext.txt */,
				61459C9F1C4691210066A979 /* pg19645.txt */,
				6158D26E1C47E53B00819DDC /* input.txt */,
				61459C941C468B9A0066A979 /* main.cpp */,
				61459C9C1C468DA30066A979 /* Stallings_Standard.cpp */,
				61459C9D1C468DA30066A979 /* Stallings_Standard.hpp */,
				61459CA11C46A1BF0066A979 /* Letter_Frequency.cpp */,
				61459CA21C46A1BF0066A979 /* Letter_Frequency.hpp */,
				61459CA41C46A6C70066A979 /* Caesar.cpp */,
				61459CA51C46A6C70066A979 /* Caesar.hpp */,
				61459CAB1C46B3DC0066A979 /* Vigenere.cpp */,
				61459CAC1C46B3DC0066A979 /* Vigenere.hpp */,
				61459CB01C46C8E00066A979 /* Hill.cpp */,
				61459CB11C46C8E00066A979 /* Hill.hpp */,
				6158D26F1C4823C100819DDC /* Playfair.cpp */,
				6158D2701C4823C100819DDC /* Playfair.hpp */,
			);
			path = "Classical Ciphers";
			sourceTree = "<group>";
		};
/* End PBXGroup section */

/* Begin PBXNativeTarget section */
		61459C901C468B9A0066A979 /* Classical Ciphers */ = {
			isa = PBXNativeTarget;
			buildConfigurationList = 61459C981C468B9A0066A979 /* Build configuration list for PBXNativeTarget "Classical Ciphers" */;
			buildPhases = (
				61459C8D1C468B9A0066A979 /* Sources */,
				61459C8E1C468B9A0066A979 /* Frameworks */,
				61459C8F1C468B9A0066A979 /* CopyFiles */,
			);
			buildRules = (
			);
			dependencies = (
			);
			name = "Classical Ciphers";
			productName = "Classical Ciphers";
			productReference = 61459C911C468B9A0066A979 /* Classical Ciphers */;
			productType = "com.apple.product-type.tool";
		};
/* End PBXNativeTarget section */

/* Begin PBXProject section */
		61459C891C468B9A0066A979 /* Project object */ = {
			isa = PBXProject;
			attributes = {
				LastUpgradeCheck = 0720;
				ORGANIZATIONNAME = "Prakhar Jain";
				TargetAttributes = {
					61459C901C468B9A0066A979 = {
						CreatedOnToolsVersion = 7.2;
					};
				};
			};
			buildConfigurationList = 61459C8C1C468B9A0066A979 /* Build configuration list for PBXProject "Classical Ciphers" */;
			compatibilityVersion = "Xcode 3.2";
			developmentRegion = English;
			hasScannedForEncodings = 0;
			knownRegions = (
				en,
			);
			mainGroup = 61459C881C468B9A0066A979;
			productRefGroup = 61459C921C468B9A0066A979 /* Products */;
			projectDirPath = "";
			projectRoot = "";
			targets = (
				61459C901C468B9A0066A979 /* Classical Ciphers */,
			);
		};
/* End PBXProject section */

/* Begin PBXSourcesBuildPhase section */
		61459C8D1C468B9A0066A979 /* Sources */ = {
			isa = PBXSourcesBuildPhase;
			buildActionMask = 2147483647;
			files = (
				61459CB21C46C8E00066A979 /* Hill.cpp in Sources */,
				61459C9E1C468DA30066A979 /* Stallings_Standard.cpp in Sources */,
				61459CA31C46A1BF0066A979 /* Letter_Frequency.cpp in Sources */,
				61459CA61C46A6C70066A979 /* Caesar.cpp in Sources */,
				61459C951C468B9A0066A979 /* main.cpp in Sources */,
				61459CAD1C46B3DC0066A979 /* Vigenere.cpp in Sources */,
				6111949C1C5D740000C3D24D /* README.md in Sources */,
				6158D2711C4823C100819DDC /* Playfair.cpp in Sources */,
			);
			runOnlyForDeploymentPostprocessing = 0;
		};
/* End PBXSourcesBuildPhase section */

/* Begin XCBuildConfiguration section */
		61459C961C468B9A0066A979 /* Debug */ = {
			isa = XCBuildConfiguration;
			buildSettings = {
				ALWAYS_SEARCH_USER_PATHS = NO;
				CLANG_CXX_LANGUAGE_STANDARD = "gnu++0x";
				CLANG_CXX_LIBRARY = "libc++";
				CLANG_ENABLE_MODULES = YES;
				CLANG_ENABLE_OBJC_ARC = YES;
				CLANG_WARN_BOOL_CONVERSION = YES;
				CLANG_WARN_CONSTANT_CONVERSION = YES;
				CLANG_WARN_DIRECT_OBJC_ISA_USAGE = YES_ERROR;
				CLANG_WARN_EMPTY_BODY = YES;
				CLANG_WARN_ENUM_CONVERSION = YES;
				CLANG_WARN_INT_CONVERSION = YES;
				CLANG_WARN_OBJC_ROOT_CLASS = YES_ERROR;
				CLANG_WARN_UNREACHABLE_CODE = YES;
				CLANG_WARN__DUPLICATE_METHOD_MATCH = YES;
				CODE_SIGN_IDENTITY = "-";
				COPY_PHASE_STRIP = NO;
				DEBUG_INFORMATION_FORMAT = dwarf;
				ENABLE_STRICT_OBJC_MSGSEND = YES;
				ENABLE_TESTABILITY = YES;
				GCC_C_LANGUAGE_STANDARD = gnu99;
				GCC_DYNAMIC_NO_PIC = NO;
				GCC_NO_COMMON_BLOCKS = YES;
				GCC_OPTIMIZATION_LEVEL = 0;
				GCC_PREPROCESSOR_DEFINITIONS = (
					"DEBUG=1",
					"$(inherited)",
				);
				GCC_WARN_64_TO_32_BIT_CONVERSION = YES;
				GCC_WARN_ABOUT_RETURN_TYPE = YES_ERROR;
				GCC_WARN_UNDECLARED_SELECTOR = YES;
				GCC_WARN_UNINITIALIZED_AUTOS = YES_AGGRESSIVE;
				GCC_WARN_UNUSED_FUNCTION = YES;
				GCC_WARN_UNUSED_VARIABLE = YES;
				MACOSX_DEPLOYMENT_TARGET = 10.11;
				MTL_ENABLE_DEBUG_INFO = YES;
				ONLY_ACTIVE_ARCH = YES;
				SDKROOT = macosx;
			};
			name = Debug;
		};
		61459C971C468B9A0066A979 /* Release */ = {
			isa = XCBuildConfiguration;
			buildSettings = {
				ALWAYS_SEARCH_USER_PATHS = NO;
				CLANG_CXX_LANGUAGE_STANDARD = "gnu++0x";
				CLANG_CXX_LIBRARY = "libc++";
				CLANG_ENABLE_MODULES = YES;
				CLANG_ENABLE_OBJC_ARC = YES;
				CLANG_WARN_BOOL_CONVERSION = YES;
				CLANG_WARN_CONSTANT_CONVERSION = YES;
				CLANG_WARN_DIRECT_OBJC_ISA_USAGE = YES_ERROR;
				CLANG_WARN_EMPTY_BODY = YES;
				CLANG_WARN_ENUM_CONVERSION = YES;
				CLANG_WARN_INT_CONVERSION = YES;
				CLANG_WARN_OBJC_ROOT_CLASS = YES_ERROR;
				CLANG_WARN_UNREACHABLE_CODE = YES;
				CLANG_WARN__DUPLICATE_METHOD_MATCH = YES;
				CODE_SIGN_IDENTITY = "-";
				COPY_PHASE_STRIP = NO;
				DEBUG_INFORMATION_FORMAT = "dwarf-with-dsym";
				ENABLE_NS_ASSERTIONS = NO;
				ENABLE_STRICT_OBJC_MSGSEND = YES;
				GCC_C_LANGUAGE_STANDARD = gnu99;
				GCC_NO_COMMON_BLOCKS = YES;
				GCC_WARN_64_TO_32_BIT_CONVERSION = YES;
				GCC_WARN_ABOUT_RETURN_TYPE = YES_ERROR;
				GCC_WARN_UNDECLARED_SELECTOR = YES;
				GCC_WARN_UNINITIALIZED_AUTOS = YES_AGGRESSIVE;
				GCC_WARN_UNUSED_FUNCTION = YES;
				GCC_WARN_UNUSED_VARIABLE = YES;
				MACOSX_DEPLOYMENT_TARGET = 10.11;
				MTL_ENABLE_DEBUG_INFO = NO;
				SDKROOT = macosx;
			};
			name = Release;
		};
		61459C991C468B9A0066A979 /* Debug */ = {
			isa = XCBuildConfiguration;
			buildSettings = {
				PRODUCT_NAME = "$(TARGET_NAME)";
			};
			name = Debug;
		};
		61459C9A1C468B9A0066A979 /* Release */ = {
			isa = XCBuildConfiguration;
			buildSettings = {
				PRODUCT_NAME = "$(TARGET_NAME)";
			};
			name = Release;
		};
/* End XCBuildConfiguration section */

/* Begin XCConfigurationList section */
		61459C8C1C468B9A0066A979 /* Build configuration list for PBXProject "Classical Ciphers" */ = {
			isa = XCConfigurationList;
			buildConfigurations = (
				61459C961C468B9A0066A979 /* Debug */,
				61459C971C468B9A0066A979 /* Release */,
			);
			defaultConfigurationIsVisible = 0;
			defaultConfigurationName = Release;
		};
		61459C981C468B9A0066A979 /* Build configuration list for PBXNativeTarget "Classical Ciphers" */ = {
			isa = XCConfigurationList;
			buildConfigurations = (
				61459C991C468B9A0066A979 /* Debug */,
				61459C9A1C468B9A0066A979 /* Release */,
			);
			defaultConfigurationIsVisible = 0;
			defaultConfigurationName = Release;
		};
/* End XCConfigurationList section */
	};
	rootObject = 61459C891C468B9A0066A979 /* Project object */;
}
